// !$*UTF8*$!
{
	archiveVersion = 1;
	classes = {
	};
	objectVersion = 50;
	objects = {

/* Begin PBXBuildFile section */
		9E3014A72584689A0014A7A3 /* AppDelegate.swift in Sources */ = {isa = PBXBuildFile; fileRef = 9E3014A62584689A0014A7A3 /* AppDelegate.swift */; };
		9E3014A92584689A0014A7A3 /* SceneDelegate.swift in Sources */ = {isa = PBXBuildFile; fileRef = 9E3014A82584689A0014A7A3 /* SceneDelegate.swift */; };
		9E3014AB2584689A0014A7A3 /* ViewController.swift in Sources */ = {isa = PBXBuildFile; fileRef = 9E3014AA2584689A0014A7A3 /* ViewController.swift */; };
		9E3014AE2584689B0014A7A3 /* Main.storyboard in Resources */ = {isa = PBXBuildFile; fileRef = 9E3014AC2584689B0014A7A3 /* Main.storyboard */; };
		9E3014B02584689C0014A7A3 /* Assets.xcassets in Resources */ = {isa = PBXBuildFile; fileRef = 9E3014AF2584689C0014A7A3 /* Assets.xcassets */; };
		9E3014B32584689C0014A7A3 /* LaunchScreen.storyboard in Resources */ = {isa = PBXBuildFile; fileRef = 9E3014B12584689C0014A7A3 /* LaunchScreen.storyboard */; };
		9E3014BE2584689C0014A7A3 /* BMI_Calculator_AppTests.swift in Sources */ = {isa = PBXBuildFile; fileRef = 9E3014BD2584689C0014A7A3 /* BMI_Calculator_AppTests.swift */; };
		9E3014C92584689D0014A7A3 /* BMI_Calculator_AppUITests.swift in Sources */ = {isa = PBXBuildFile; fileRef = 9E3014C82584689D0014A7A3 /* BMI_Calculator_AppUITests.swift */; };
/* End PBXBuildFile section */

/* Begin PBXContainerItemProxy section */
		9E3014BA2584689C0014A7A3 /* PBXContainerItemProxy */ = {
			isa = PBXContainerItemProxy;
			containerPortal = 9E30149B2584689A0014A7A3 /* Project object */;
			proxyType = 1;
			remoteGlobalIDString = 9E3014A22584689A0014A7A3;
			remoteInfo = "BMI Calculator App";
		};
		9E3014C52584689D0014A7A3 /* PBXContainerItemProxy */ = {
			isa = PBXContainerItemProxy;
			containerPortal = 9E30149B2584689A0014A7A3 /* Project object */;
			proxyType = 1;
			remoteGlobalIDString = 9E3014A22584689A0014A7A3;
			remoteInfo = "BMI Calculator App";
		};
/* End PBXContainerItemProxy section */

/* Begin PBXFileReference section */
		9E3014A32584689A0014A7A3 /* BMI Calculator App.app */ = {isa = PBXFileReference; explicitFileType = wrapper.application; includeInIndex = 0; path = "BMI Calculator App.app"; sourceTree = BUILT_PRODUCTS_DIR; };
		9E3014A62584689A0014A7A3 /* AppDelegate.swift */ = {isa = PBXFileReference; lastKnownFileType = sourcecode.swift; path = AppDelegate.swift; sourceTree = "<group>"; };
		9E3014A82584689A0014A7A3 /* SceneDelegate.swift */ = {isa = PBXFileReference; lastKnownFileType = sourcecode.swift; path = SceneDelegate.swift; sourceTree = "<group>"; };
		9E3014AA2584689A0014A7A3 /* ViewController.swift */ = {isa = PBXFileReference; lastKnownFileType = sourcecode.swift; path = ViewController.swift; sourceTree = "<group>"; };
		9E3014AD2584689B0014A7A3 /* Base */ = {isa = PBXFileReference; lastKnownFileType = file.storyboard; name = Base; path = Base.lproj/Main.storyboard; sourceTree = "<group>"; };
		9E3014AF2584689C0014A7A3 /* Assets.xcassets */ = {isa = PBXFileReference; lastKnownFileType = folder.assetcatalog; path = Assets.xcassets; sourceTree = "<group>"; };
		9E3014B22584689C0014A7A3 /* Base */ = {isa = PBXFileReference; lastKnownFileType = file.storyboard; name = Base; path = Base.lproj/LaunchScreen.storyboard; sourceTree = "<group>"; };
		9E3014B42584689C0014A7A3 /* Info.plist */ = {isa = PBXFileReference; lastKnownFileType = text.plist.xml; path = Info.plist; sourceTree = "<group>"; };
		9E3014B92584689C0014A7A3 /* BMI Calculator AppTests.xctest */ = {isa = PBXFileReference; explicitFileType = wrapper.cfbundle; includeInIndex = 0; path = "BMI Calculator AppTests.xctest"; sourceTree = BUILT_PRODUCTS_DIR; };
		9E3014BD2584689C0014A7A3 /* BMI_Calculator_AppTests.swift */ = {isa = PBXFileReference; lastKnownFileType = sourcecode.swift; path = BMI_Calculator_AppTests.swift; sourceTree = "<group>"; };
		9E3014BF2584689C0014A7A3 /* Info.plist */ = {isa = PBXFileReference; lastKnownFileType = text.plist.xml; path = Info.plist; sourceTree = "<group>"; };
		9E3014C42584689D0014A7A3 /* BMI Calculator AppUITests.xctest */ = {isa = PBXFileReference; explicitFileType = wrapper.cfbundle; includeInIndex = 0; path = "BMI Calculator AppUITests.xctest"; sourceTree = BUILT_PRODUCTS_DIR; };
		9E3014C82584689D0014A7A3 /* BMI_Calculator_AppUITests.swift */ = {isa = PBXFileReference; lastKnownFileType = sourcecode.swift; path = BMI_Calculator_AppUITests.swift; sourceTree = "<group>"; };
		9E3014CA2584689D0014A7A3 /* Info.plist */ = {isa = PBXFileReference; lastKnownFileType = text.plist.xml; path = Info.plist; sourceTree = "<group>"; };
/* End PBXFileReference section */

/* Begin PBXFrameworksBuildPhase section */
		9E3014A02584689A0014A7A3 /* Frameworks */ = {
			isa = PBXFrameworksBuildPhase;
			buildActionMask = 2147483647;
			files = (
			);
			runOnlyForDeploymentPostprocessing = 0;
		};
		9E3014B62584689C0014A7A3 /* Frameworks */ = {
			isa = PBXFrameworksBuildPhase;
			buildActionMask = 2147483647;
			files = (
			);
			runOnlyForDeploymentPostprocessing = 0;
		};
		9E3014C12584689D0014A7A3 /* Frameworks */ = {
			isa = PBXFrameworksBuildPhase;
			buildActionMask = 2147483647;
			files = (
			);
			runOnlyForDeploymentPostprocessing = 0;
		};
/* End PBXFrameworksBuildPhase section */

/* Begin PBXGroup section */
		9E30149A2584689A0014A7A3 = {
			isa = PBXGroup;
			children = (
				9E3014A52584689A0014A7A3 /* BMI Calculator App */,
				9E3014BC2584689C0014A7A3 /* BMI Calculator AppTests */,
				9E3014C72584689D0014A7A3 /* BMI Calculator AppUITests */,
				9E3014A42584689A0014A7A3 /* Products */,
			);
			sourceTree = "<group>";
		};
		9E3014A42584689A0014A7A3 /* Products */ = {
			isa = PBXGroup;
			children = (
				9E3014A32584689A0014A7A3 /* BMI Calculator App.app */,
				9E3014B92584689C0014A7A3 /* BMI Calculator AppTests.xctest */,
				9E3014C42584689D0014A7A3 /* BMI Calculator AppUITests.xctest */,
			);
			name = Products;
			sourceTree = "<group>";
		};
		9E3014A52584689A0014A7A3 /* BMI Calculator App */ = {
			isa = PBXGroup;
			children = (
				9E3014A62584689A0014A7A3 /* AppDelegate.swift */,
				9E3014A82584689A0014A7A3 /* SceneDelegate.swift */,
				9E3014AA2584689A0014A7A3 /* ViewController.swift */,
				9E3014AC2584689B0014A7A3 /* Main.storyboard */,
				9E3014AF2584689C0014A7A3 /* Assets.xcassets */,
				9E3014B12584689C0014A7A3 /* LaunchScreen.storyboard */,
				9E3014B42584689C0014A7A3 /* Info.plist */,
			);
			path = "BMI Calculator App";
			sourceTree = "<group>";
		};
		9E3014BC2584689C0014A7A3 /* BMI Calculator AppTests */ = {
			isa = PBXGroup;
			children = (
				9E3014BD2584689C0014A7A3 /* BMI_Calculator_AppTests.swift */,
				9E3014BF2584689C0014A7A3 /* Info.plist */,
			);
			path = "BMI Calculator AppTests";
			sourceTree = "<group>";
		};
		9E3014C72584689D0014A7A3 /* BMI Calculator AppUITests */ = {
			isa = PBXGroup;
			children = (
				9E3014C82584689D0014A7A3 /* BMI_Calculator_AppUITests.swift */,
				9E3014CA2584689D0014A7A3 /* Info.plist */,
			);
			path = "BMI Calculator AppUITests";
			sourceTree = "<group>";
		};
/* End PBXGroup section */

/* Begin PBXNativeTarget section */
		9E3014A22584689A0014A7A3 /* BMI Calculator App */ = {
			isa = PBXNativeTarget;
			buildConfigurationList = 9E3014CD2584689D0014A7A3 /* Build configuration list for PBXNativeTarget "BMI Calculator App" */;
			buildPhases = (
				9E30149F2584689A0014A7A3 /* Sources */,
				9E3014A02584689A0014A7A3 /* Frameworks */,
				9E3014A12584689A0014A7A3 /* Resources */,
			);
			buildRules = (
			);
			dependencies = (
			);
			name = "BMI Calculator App";
			productName = "BMI Calculator App";
			productReference = 9E3014A32584689A0014A7A3 /* BMI Calculator App.app */;
			productType = "com.apple.product-type.application";
		};
		9E3014B82584689C0014A7A3 /* BMI Calculator AppTests */ = {
			isa = PBXNativeTarget;
			buildConfigurationList = 9E3014D02584689D0014A7A3 /* Build configuration list for PBXNativeTarget "BMI Calculator AppTests" */;
			buildPhases = (
				9E3014B52584689C0014A7A3 /* Sources */,
				9E3014B62584689C0014A7A3 /* Frameworks */,
				9E3014B72584689C0014A7A3 /* Resources */,
			);
			buildRules = (
			);
			dependencies = (
				9E3014BB2584689C0014A7A3 /* PBXTargetDependency */,
			);
			name = "BMI Calculator AppTests";
			productName = "BMI Calculator AppTests";
			productReference = 9E3014B92584689C0014A7A3 /* BMI Calculator AppTests.xctest */;
			productType = "com.apple.product-type.bundle.unit-test";
		};
		9E3014C32584689D0014A7A3 /* BMI Calculator AppUITests */ = {
			isa = PBXNativeTarget;
			buildConfigurationList = 9E3014D32584689D0014A7A3 /* Build configuration list for PBXNativeTarget "BMI Calculator AppUITests" */;
			buildPhases = (
				9E3014C02584689D0014A7A3 /* Sources */,
				9E3014C12584689D0014A7A3 /* Frameworks */,
				9E3014C22584689D0014A7A3 /* Resources */,
			);
			buildRules = (
			);
			dependencies = (
				9E3014C62584689D0014A7A3 /* PBXTargetDependency */,
			);
			name = "BMI Calculator AppUITests";
			productName = "BMI Calculator AppUITests";
			productReference = 9E3014C42584689D0014A7A3 /* BMI Calculator AppUITests.xctest */;
			productType = "com.apple.product-type.bundle.ui-testing";
		};
/* End PBXNativeTarget section */

/* Begin PBXProject section */
		9E30149B2584689A0014A7A3 /* Project object */ = {
			isa = PBXProject;
			attributes = {
				LastSwiftUpdateCheck = 1200;
				LastUpgradeCheck = 1200;
				TargetAttributes = {
					9E3014A22584689A0014A7A3 = {
						CreatedOnToolsVersion = 12.0;
					};
					9E3014B82584689C0014A7A3 = {
						CreatedOnToolsVersion = 12.0;
						TestTargetID = 9E3014A22584689A0014A7A3;
					};
					9E3014C32584689D0014A7A3 = {
						CreatedOnToolsVersion = 12.0;
						TestTargetID = 9E3014A22584689A0014A7A3;
					};
				};
			};
			buildConfigurationList = 9E30149E2584689A0014A7A3 /* Build configuration list for PBXProject "BMI Calculator App" */;
			compatibilityVersion = "Xcode 9.3";
			developmentRegion = en;
			hasScannedForEncodings = 0;
			knownRegions = (
				en,
				Base,
			);
			mainGroup = 9E30149A2584689A0014A7A3;
			productRefGroup = 9E3014A42584689A0014A7A3 /* Products */;
			projectDirPath = "";
			projectRoot = "";
			targets = (
				9E3014A22584689A0014A7A3 /* BMI Calculator App */,
				9E3014B82584689C0014A7A3 /* BMI Calculator AppTests */,
				9E3014C32584689D0014A7A3 /* BMI Calculator AppUITests */,
			);
		};
/* End PBXProject section */

/* Begin PBXResourcesBuildPhase section */
		9E3014A12584689A0014A7A3 /* Resources */ = {
			isa = PBXResourcesBuildPhase;
			buildActionMask = 2147483647;
			files = (
				9E3014B32584689C0014A7A3 /* LaunchScreen.storyboard in Resources */,
				9E3014B02584689C0014A7A3 /* Assets.xcassets in Resources */,
				9E3014AE2584689B0014A7A3 /* Main.storyboard in Resources */,
			);
			runOnlyForDeploymentPostprocessing = 0;
		};
		9E3014B72584689C0014A7A3 /* Resources */ = {
			isa = PBXResourcesBuildPhase;
			buildActionMask = 2147483647;
			files = (
			);
			runOnlyForDeploymentPostprocessing = 0;
		};
		9E3014C22584689D0014A7A3 /* Resources */ = {
			isa = PBXResourcesBuildPhase;
			buildActionMask = 2147483647;
			files = (
			);
			runOnlyForDeploymentPostprocessing = 0;
		};
/* End PBXResourcesBuildPhase section */

/* Begin PBXSourcesBuildPhase section */
		9E30149F2584689A0014A7A3 /* Sources */ = {
			isa = PBXSourcesBuildPhase;
			buildActionMask = 2147483647;
			files = (
				9E3014AB2584689A0014A7A3 /* ViewController.swift in Sources */,
				9E3014A72584689A0014A7A3 /* AppDelegate.swift in Sources */,
				9E3014A92584689A0014A7A3 /* SceneDelegate.swift in Sources */,
			);
			runOnlyForDeploymentPostprocessing = 0;
		};
		9E3014B52584689C0014A7A3 /* Sources */ = {
			isa = PBXSourcesBuildPhase;
			buildActionMask = 2147483647;
			files = (
				9E3014BE2584689C0014A7A3 /* BMI_Calculator_AppTests.swift in Sources */,
			);
			runOnlyForDeploymentPostprocessing = 0;
		};
		9E3014C02584689D0014A7A3 /* Sources */ = {
			isa = PBXSourcesBuildPhase;
			buildActionMask = 2147483647;
			files = (
				9E3014C92584689D0014A7A3 /* BMI_Calculator_AppUITests.swift in Sources */,
			);
			runOnlyForDeploymentPostprocessing = 0;
		};
/* End PBXSourcesBuildPhase section */

/* Begin PBXTargetDependency section */
		9E3014BB2584689C0014A7A3 /* PBXTargetDependency */ = {
			isa = PBXTargetDependency;
			target = 9E3014A22584689A0014A7A3 /* BMI Calculator App */;
			targetProxy = 9E3014BA2584689C0014A7A3 /* PBXContainerItemProxy */;
		};
		9E3014C62584689D0014A7A3 /* PBXTargetDependency */ = {
			isa = PBXTargetDependency;
			target = 9E3014A22584689A0014A7A3 /* BMI Calculator App */;
			targetProxy = 9E3014C52584689D0014A7A3 /* PBXContainerItemProxy */;
		};
/* End PBXTargetDependency section */

/* Begin PBXVariantGroup section */
		9E3014AC2584689B0014A7A3 /* Main.storyboard */ = {
			isa = PBXVariantGroup;
			children = (
				9E3014AD2584689B0014A7A3 /* Base */,
			);
			name = Main.storyboard;
			sourceTree = "<group>";
		};
		9E3014B12584689C0014A7A3 /* LaunchScreen.storyboard */ = {
			isa = PBXVariantGroup;
			children = (
				9E3014B22584689C0014A7A3 /* Base */,
			);
			name = LaunchScreen.storyboard;
			sourceTree = "<group>";
		};
/* End PBXVariantGroup section */

/* Begin XCBuildConfiguration section */
		9E3014CB2584689D0014A7A3 /* Debug */ = {
			isa = XCBuildConfiguration;
			buildSettings = {
				ALWAYS_SEARCH_USER_PATHS = NO;
				CLANG_ANALYZER_NONNULL = YES;
				CLANG_ANALYZER_NUMBER_OBJECT_CONVERSION = YES_AGGRESSIVE;
				CLANG_CXX_LANGUAGE_STANDARD = "gnu++14";
				CLANG_CXX_LIBRARY = "libc++";
				CLANG_ENABLE_MODULES = YES;
				CLANG_ENABLE_OBJC_ARC = YES;
				CLANG_ENABLE_OBJC_WEAK = YES;
				CLANG_WARN_BLOCK_CAPTURE_AUTORELEASING = YES;
				CLANG_WARN_BOOL_CONVERSION = YES;
				CLANG_WARN_COMMA = YES;
				CLANG_WARN_CONSTANT_CONVERSION = YES;
				CLANG_WARN_DEPRECATED_OBJC_IMPLEMENTATIONS = YES;
				CLANG_WARN_DIRECT_OBJC_ISA_USAGE = YES_ERROR;
				CLANG_WARN_DOCUMENTATION_COMMENTS = YES;
				CLANG_WARN_EMPTY_BODY = YES;
				CLANG_WARN_ENUM_CONVERSION = YES;
				CLANG_WARN_INFINITE_RECURSION = YES;
				CLANG_WARN_INT_CONVERSION = YES;
				CLANG_WARN_NON_LITERAL_NULL_CONVERSION = YES;
				CLANG_WARN_OBJC_IMPLICIT_RETAIN_SELF = YES;
				CLANG_WARN_OBJC_LITERAL_CONVERSION = YES;
				CLANG_WARN_OBJC_ROOT_CLASS = YES_ERROR;
				CLANG_WARN_QUOTED_INCLUDE_IN_FRAMEWORK_HEADER = YES;
				CLANG_WARN_RANGE_LOOP_ANALYSIS = YES;
				CLANG_WARN_STRICT_PROTOTYPES = YES;
				CLANG_WARN_SUSPICIOUS_MOVE = YES;
				CLANG_WARN_UNGUARDED_AVAILABILITY = YES_AGGRESSIVE;
				CLANG_WARN_UNREACHABLE_CODE = YES;
				CLANG_WARN__DUPLICATE_METHOD_MATCH = YES;
				COPY_PHASE_STRIP = NO;
				DEBUG_INFORMATION_FORMAT = dwarf;
				ENABLE_STRICT_OBJC_MSGSEND = YES;
				ENABLE_TESTABILITY = YES;
				GCC_C_LANGUAGE_STANDARD = gnu11;
				GCC_DYNAMIC_NO_PIC = NO;
				GCC_NO_COMMON_BLOCKS = YES;
				GCC_OPTIMIZATION_LEVEL = 0;
				GCC_PREPROCESSOR_DEFINITIONS = (
					"DEBUG=1",
					"$(inherited)",
				);
				GCC_WARN_64_TO_32_BIT_CONVERSION = YES;
				GCC_WARN_ABOUT_RETURN_TYPE = YES_ERROR;
				GCC_WARN_UNDECLARED_SELECTOR = YES;
				GCC_WARN_UNINITIALIZED_AUTOS = YES_AGGRESSIVE;
				GCC_WARN_UNUSED_FUNCTION = YES;
				GCC_WARN_UNUSED_VARIABLE = YES;
				IPHONEOS_DEPLOYMENT_TARGET = 14.0;
				MTL_ENABLE_DEBUG_INFO = INCLUDE_SOURCE;
				MTL_FAST_MATH = YES;
				ONLY_ACTIVE_ARCH = YES;
				SDKROOT = iphoneos;
				SWIFT_ACTIVE_COMPILATION_CONDITIONS = DEBUG;
				SWIFT_OPTIMIZATION_LEVEL = "-Onone";
			};
			name = Debug;
		};
		9E3014CC2584689D0014A7A3 /* Release */ = {
			isa = XCBuildConfiguration;
			buildSettings = {
				ALWAYS_SEARCH_USER_PATHS = NO;
				CLANG_ANALYZER_NONNULL = YES;
				CLANG_ANALYZER_NUMBER_OBJECT_CONVERSION = YES_AGGRESSIVE;
				CLANG_CXX_LANGUAGE_STANDARD = "gnu++14";
				CLANG_CXX_LIBRARY = "libc++";
				CLANG_ENABLE_MODULES = YES;
				CLANG_ENABLE_OBJC_ARC = YES;
				CLANG_ENABLE_OBJC_WEAK = YES;
				CLANG_WARN_BLOCK_CAPTURE_AUTORELEASING = YES;
				CLANG_WARN_BOOL_CONVERSION = YES;
				CLANG_WARN_COMMA = YES;
				CLANG_WARN_CONSTANT_CONVERSION = YES;
				CLANG_WARN_DEPRECATED_OBJC_IMPLEMENTATIONS = YES;
				CLANG_WARN_DIRECT_OBJC_ISA_USAGE = YES_ERROR;
				CLANG_WARN_DOCUMENTATION_COMMENTS = YES;
				CLANG_WARN_EMPTY_BODY = YES;
				CLANG_WARN_ENUM_CONVERSION = YES;
				CLANG_WARN_INFINITE_RECURSION = YES;
				CLANG_WARN_INT_CONVERSION = YES;
				CLANG_WARN_NON_LITERAL_NULL_CONVERSION = YES;
				CLANG_WARN_OBJC_IMPLICIT_RETAIN_SELF = YES;
				CLANG_WARN_OBJC_LITERAL_CONVERSION = YES;
				CLANG_WARN_OBJC_ROOT_CLASS = YES_ERROR;
				CLANG_WARN_QUOTED_INCLUDE_IN_FRAMEWORK_HEADER = YES;
				CLANG_WARN_RANGE_LOOP_ANALYSIS = YES;
				CLANG_WARN_STRICT_PROTOTYPES = YES;
				CLANG_WARN_SUSPICIOUS_MOVE = YES;
				CLANG_WARN_UNGUARDED_AVAILABILITY = YES_AGGRESSIVE;
				CLANG_WARN_UNREACHABLE_CODE = YES;
				CLANG_WARN__DUPLICATE_METHOD_MATCH = YES;
				COPY_PHASE_STRIP = NO;
				DEBUG_INFORMATION_FORMAT = "dwarf-with-dsym";
				ENABLE_NS_ASSERTIONS = NO;
				ENABLE_STRICT_OBJC_MSGSEND = YES;
				GCC_C_LANGUAGE_STANDARD = gnu11;
				GCC_NO_COMMON_BLOCKS = YES;
				GCC_WARN_64_TO_32_BIT_CONVERSION = YES;
				GCC_WARN_ABOUT_RETURN_TYPE = YES_ERROR;
				GCC_WARN_UNDECLARED_SELECTOR = YES;
				GCC_WARN_UNINITIALIZED_AUTOS = YES_AGGRESSIVE;
				GCC_WARN_UNUSED_FUNCTION = YES;
				GCC_WARN_UNUSED_VARIABLE = YES;
				IPHONEOS_DEPLOYMENT_TARGET = 14.0;
				MTL_ENABLE_DEBUG_INFO = NO;
				MTL_FAST_MATH = YES;
				SDKROOT = iphoneos;
				SWIFT_COMPILATION_MODE = wholemodule;
				SWIFT_OPTIMIZATION_LEVEL = "-O";
				VALIDATE_PRODUCT = YES;
			};
			name = Release;
		};
		9E3014CE2584689D0014A7A3 /* Debug */ = {
			isa = XCBuildConfiguration;
			buildSettings = {
				ASSETCATALOG_COMPILER_APPICON_NAME = AppIcon;
				ASSETCATALOG_COMPILER_GLOBAL_ACCENT_COLOR_NAME = AccentColor;
				CODE_SIGN_STYLE = Automatic;
				INFOPLIST_FILE = "BMI Calculator App/Info.plist";
				LD_RUNPATH_SEARCH_PATHS = (
					"$(inherited)",
					"@executable_path/Frameworks",
				);
				PRODUCT_BUNDLE_IDENTIFIER = "com.redamehali.BMI-Calculator-App";
				PRODUCT_NAME = "$(TARGET_NAME)";
				SWIFT_VERSION = 5.0;
				TARGETED_DEVICE_FAMILY = "1,2";
			};
			name = Debug;
		};
		9E3014CF2584689D0014A7A3 /* Release */ = {
			isa = XCBuildConfiguration;
			buildSettings = {
				ASSETCATALOG_COMPILER_APPICON_NAME = AppIcon;
				ASSETCATALOG_COMPILER_GLOBAL_ACCENT_COLOR_NAME = AccentColor;
				CODE_SIGN_STYLE = Automatic;
				INFOPLIST_FILE = "BMI Calculator App/Info.plist";
				LD_RUNPATH_SEARCH_PATHS = (
					"$(inherited)",
					"@executable_path/Frameworks",
				);
				PRODUCT_BUNDLE_IDENTIFIER = "com.redamehali.BMI-Calculator-App";
				PRODUCT_NAME = "$(TARGET_NAME)";
				SWIFT_VERSION = 5.0;
				TARGETED_DEVICE_FAMILY = "1,2";
			};
			name = Release;
		};
		9E3014D12584689D0014A7A3 /* Debug */ = {
			isa = XCBuildConfiguration;
			buildSettings = {
				ALWAYS_EMBED_SWIFT_STANDARD_LIBRARIES = YES;
				BUNDLE_LOADER = "$(TEST_HOST)";
				CODE_SIGN_STYLE = Automatic;
				INFOPLIST_FILE = "BMI Calculator AppTests/Info.plist";
				IPHONEOS_DEPLOYMENT_TARGET = 14.0;
				LD_RUNPATH_SEARCH_PATHS = (
					"$(inherited)",
					"@executable_path/Frameworks",
					"@loader_path/Frameworks",
				);
				PRODUCT_BUNDLE_IDENTIFIER = "com.redamehali.BMI-Calculator-AppTests";
				PRODUCT_NAME = "$(TARGET_NAME)";
				SWIFT_VERSION = 5.0;
				TARGETED_DEVICE_FAMILY = "1,2";
				TEST_HOST = "$(BUILT_PRODUCTS_DIR)/BMI Calculator App.app/BMI Calculator App";
			};
			name = Debug;
		};
		9E3014D22584689D0014A7A3 /* Release */ = {
			isa = XCBuildConfiguration;
			buildSettings = {
				ALWAYS_EMBED_SWIFT_STANDARD_LIBRARIES = YES;
				BUNDLE_LOADER = "$(TEST_HOST)";
				CODE_SIGN_STYLE = Automatic;
				INFOPLIST_FILE = "BMI Calculator AppTests/Info.plist";
				IPHONEOS_DEPLOYMENT_TARGET = 14.0;
				LD_RUNPATH_SEARCH_PATHS = (
					"$(inherited)",
					"@executable_path/Frameworks",
					"@loader_path/Frameworks",
				);
				PRODUCT_BUNDLE_IDENTIFIER = "com.redamehali.BMI-Calculator-AppTests";
				PRODUCT_NAME = "$(TARGET_NAME)";
				SWIFT_VERSION = 5.0;
				TARGETED_DEVICE_FAMILY = "1,2";
				TEST_HOST = "$(BUILT_PRODUCTS_DIR)/BMI Calculator App.app/BMI Calculator App";
			};
			name = Release;
		};
		9E3014D42584689D0014A7A3 /* Debug */ = {
			isa = XCBuildConfiguration;
			buildSettings = {
				ALWAYS_EMBED_SWIFT_STANDARD_LIBRARIES = YES;
				CODE_SIGN_STYLE = Automatic;
				INFOPLIST_FILE = "BMI Calculator AppUITests/Info.plist";
				LD_RUNPATH_SEARCH_PATHS = (
					"$(inherited)",
					"@executable_path/Frameworks",
					"@loader_path/Frameworks",
				);
				PRODUCT_BUNDLE_IDENTIFIER = "com.redamehali.BMI-Calculator-AppUITests";
				PRODUCT_NAME = "$(TARGET_NAME)";
				SWIFT_VERSION = 5.0;
				TARGETED_DEVICE_FAMILY = "1,2";
				TEST_TARGET_NAME = "BMI Calculator App";
			};
			name = Debug;
		};
		9E3014D52584689D0014A7A3 /* Release */ = {
			isa = XCBuildConfiguration;
			buildSettings = {
				ALWAYS_EMBED_SWIFT_STANDARD_LIBRARIES = YES;
				CODE_SIGN_STYLE = Automatic;
				INFOPLIST_FILE = "BMI Calculator AppUITests/Info.plist";
				LD_RUNPATH_SEARCH_PATHS = (
					"$(inherited)",
					"@executable_path/Frameworks",
					"@loader_path/Frameworks",
				);
				PRODUCT_BUNDLE_IDENTIFIER = "com.redamehali.BMI-Calculator-AppUITests";
				PRODUCT_NAME = "$(TARGET_NAME)";
				SWIFT_VERSION = 5.0;
				TARGETED_DEVICE_FAMILY = "1,2";
				TEST_TARGET_NAME = "BMI Calculator App";
			};
			name = Release;
		};
/* End XCBuildConfiguration section */

/* Begin XCConfigurationList section */
		9E30149E2584689A0014A7A3 /* Build configuration list for PBXProject "BMI Calculator App" */ = {
			isa = XCConfigurationList;
			buildConfigurations = (
				9E3014CB2584689D0014A7A3 /* Debug */,
				9E3014CC2584689D0014A7A3 /* Release */,
			);
			defaultConfigurationIsVisible = 0;
			defaultConfigurationName = Release;
		};
		9E3014CD2584689D0014A7A3 /* Build configuration list for PBXNativeTarget "BMI Calculator App" */ = {
			isa = XCConfigurationList;
			buildConfigurations = (
				9E3014CE2584689D0014A7A3 /* Debug */,
				9E3014CF2584689D0014A7A3 /* Release */,
			);
			defaultConfigurationIsVisible = 0;
			defaultConfigurationName = Release;
		};
		9E3014D02584689D0014A7A3 /* Build configuration list for PBXNativeTarget "BMI Calculator AppTests" */ = {
			isa = XCConfigurationList;
			buildConfigurations = (
				9E3014D12584689D0014A7A3 /* Debug */,
				9E3014D22584689D0014A7A3 /* Release */,
			);
			defaultConfigurationIsVisible = 0;
			defaultConfigurationName = Release;
		};
		9E3014D32584689D0014A7A3 /* Build configuration list for PBXNativeTarget "BMI Calculator AppUITests" */ = {
			isa = XCConfigurationList;
			buildConfigurations = (
				9E3014D42584689D0014A7A3 /* Debug */,
				9E3014D52584689D0014A7A3 /* Release */,
			);
			defaultConfigurationIsVisible = 0;
			defaultConfigurationName = Release;
		};
/* End XCConfigurationList section */
	};
	rootObject = 9E30149B2584689A0014A7A3 /* Project object */;
}
